// !$*UTF8*$!
{
	archiveVersion = 1;
	classes = {
	};
	objectVersion = 55;
	objects = {

/* Begin PBXBuildFile section */
		981CC73E28F6E63100E93C48 /* UIKitINSwiftUIApp.swift in Sources */ = {isa = PBXBuildFile; fileRef = 981CC73D28F6E63100E93C48 /* UIKitINSwiftUIApp.swift */; };
		981CC74028F6E63100E93C48 /* ContentView.swift in Sources */ = {isa = PBXBuildFile; fileRef = 981CC73F28F6E63100E93C48 /* ContentView.swift */; };
		981CC74228F6E63E00E93C48 /* Assets.xcassets in Resources */ = {isa = PBXBuildFile; fileRef = 981CC74128F6E63E00E93C48 /* Assets.xcassets */; };
		981CC74528F6E63E00E93C48 /* Preview Assets.xcassets in Resources */ = {isa = PBXBuildFile; fileRef = 981CC74428F6E63E00E93C48 /* Preview Assets.xcassets */; };
		981CC74C28F6E6C600E93C48 /* Bridge.swift in Sources */ = {isa = PBXBuildFile; fileRef = 981CC74B28F6E6C600E93C48 /* Bridge.swift */; };
		981CC74E28F6E74100E93C48 /* UIKitButtonView.swift in Sources */ = {isa = PBXBuildFile; fileRef = 981CC74D28F6E74100E93C48 /* UIKitButtonView.swift */; };
		981CC75028F6E76600E93C48 /* UIKitButtonView.xib in Resources */ = {isa = PBXBuildFile; fileRef = 981CC74F28F6E76600E93C48 /* UIKitButtonView.xib */; };
/* End PBXBuildFile section */

/* Begin PBXFileReference section */
		981CC73A28F6E63100E93C48 /* UIKitINSwiftUI.app */ = {isa = PBXFileReference; explicitFileType = wrapper.application; includeInIndex = 0; path = UIKitINSwiftUI.app; sourceTree = BUILT_PRODUCTS_DIR; };
		981CC73D28F6E63100E93C48 /* UIKitINSwiftUIApp.swift */ = {isa = PBXFileReference; lastKnownFileType = sourcecode.swift; path = UIKitINSwiftUIApp.swift; sourceTree = "<group>"; };
		981CC73F28F6E63100E93C48 /* ContentView.swift */ = {isa = PBXFileReference; lastKnownFileType = sourcecode.swift; path = ContentView.swift; sourceTree = "<group>"; };
		981CC74128F6E63E00E93C48 /* Assets.xcassets */ = {isa = PBXFileReference; lastKnownFileType = folder.assetcatalog; path = Assets.xcassets; sourceTree = "<group>"; };
		981CC74428F6E63E00E93C48 /* Preview Assets.xcassets */ = {isa = PBXFileReference; lastKnownFileType = folder.assetcatalog; path = "Preview Assets.xcassets"; sourceTree = "<group>"; };
		981CC74B28F6E6C600E93C48 /* Bridge.swift */ = {isa = PBXFileReference; lastKnownFileType = sourcecode.swift; path = Bridge.swift; sourceTree = "<group>"; };
		981CC74D28F6E74100E93C48 /* UIKitButtonView.swift */ = {isa = PBXFileReference; lastKnownFileType = sourcecode.swift; path = UIKitButtonView.swift; sourceTree = "<group>"; };
		981CC74F28F6E76600E93C48 /* UIKitButtonView.xib */ = {isa = PBXFileReference; lastKnownFileType = file.xib; path = UIKitButtonView.xib; sourceTree = "<group>"; };
/* End PBXFileReference section */

/* Begin PBXFrameworksBuildPhase section */
		981CC73728F6E63100E93C48 /* Frameworks */ = {
			isa = PBXFrameworksBuildPhase;
			buildActionMask = 2147483647;
			files = (
			);
			runOnlyForDeploymentPostprocessing = 0;
		};
/* End PBXFrameworksBuildPhase section */

/* Begin PBXGroup section */
		981CC73128F6E63100E93C48 = {
			isa = PBXGroup;
			children = (
				981CC73C28F6E63100E93C48 /* UIKitINSwiftUI */,
				981CC73B28F6E63100E93C48 /* Products */,
			);
			sourceTree = "<group>";
		};
		981CC73B28F6E63100E93C48 /* Products */ = {
			isa = PBXGroup;
			children = (
				981CC73A28F6E63100E93C48 /* UIKitINSwiftUI.app */,
			);
			name = Products;
			sourceTree = "<group>";
		};
		981CC73C28F6E63100E93C48 /* UIKitINSwiftUI */ = {
			isa = PBXGroup;
			children = (
				981CC73D28F6E63100E93C48 /* UIKitINSwiftUIApp.swift */,
				981CC73F28F6E63100E93C48 /* ContentView.swift */,
				981CC74B28F6E6C600E93C48 /* Bridge.swift */,
				981CC74D28F6E74100E93C48 /* UIKitButtonView.swift */,
				981CC74F28F6E76600E93C48 /* UIKitButtonView.xib */,
				981CC74128F6E63E00E93C48 /* Assets.xcassets */,
				981CC74328F6E63E00E93C48 /* Preview Content */,
			);
			path = UIKitINSwiftUI;
			sourceTree = "<group>";
		};
		981CC74328F6E63E00E93C48 /* Preview Content */ = {
			isa = PBXGroup;
			children = (
				981CC74428F6E63E00E93C48 /* Preview Assets.xcassets */,
			);
			path = "Preview Content";
			sourceTree = "<group>";
		};
/* End PBXGroup section */

/* Begin PBXNativeTarget section */
		981CC73928F6E63100E93C48 /* UIKitINSwiftUI */ = {
			isa = PBXNativeTarget;
			buildConfigurationList = 981CC74828F6E63E00E93C48 /* Build configuration list for PBXNativeTarget "UIKitINSwiftUI" */;
			buildPhases = (
				981CC73628F6E63100E93C48 /* Sources */,
				981CC73728F6E63100E93C48 /* Frameworks */,
				981CC73828F6E63100E93C48 /* Resources */,
			);
			buildRules = (
			);
			dependencies = (
			);
			name = UIKitINSwiftUI;
			productName = UIKitINSwiftUI;
			productReference = 981CC73A28F6E63100E93C48 /* UIKitINSwiftUI.app */;
			productType = "com.apple.product-type.application";
		};
/* End PBXNativeTarget section */

/* Begin PBXProject section */
		981CC73228F6E63100E93C48 /* Project object */ = {
			isa = PBXProject;
			attributes = {
				BuildIndependentTargetsInParallel = 1;
				LastSwiftUpdateCheck = 1340;
				LastUpgradeCheck = 1340;
				TargetAttributes = {
					981CC73928F6E63100E93C48 = {
						CreatedOnToolsVersion = 13.4.1;
					};
				};
			};
			buildConfigurationList = 981CC73528F6E63100E93C48 /* Build configuration list for PBXProject "UIKitINSwiftUI" */;
			compatibilityVersion = "Xcode 13.0";
			developmentRegion = en;
			hasScannedForEncodings = 0;
			knownRegions = (
				en,
				Base,
			);
			mainGroup = 981CC73128F6E63100E93C48;
			productRefGroup = 981CC73B28F6E63100E93C48 /* Products */;
			projectDirPath = "";
			projectRoot = "";
			targets = (
				981CC73928F6E63100E93C48 /* UIKitINSwiftUI */,
			);
		};
/* End PBXProject section */

/* Begin PBXResourcesBuildPhase section */
		981CC73828F6E63100E93C48 /* Resources */ = {
			isa = PBXResourcesBuildPhase;
			buildActionMask = 2147483647;
			files = (
				981CC74528F6E63E00E93C48 /* Preview Assets.xcassets in Resources */,
				981CC74228F6E63E00E93C48 /* Assets.xcassets in Resources */,
				981CC75028F6E76600E93C48 /* UIKitButtonView.xib in Resources */,
			);
			runOnlyForDeploymentPostprocessing = 0;
		};
/* End PBXResourcesBuildPhase section */

/* Begin PBXSourcesBuildPhase section */
		981CC73628F6E63100E93C48 /* Sources */ = {
			isa = PBXSourcesBuildPhase;
			buildActionMask = 2147483647;
			files = (
				981CC74028F6E63100E93C48 /* ContentView.swift in Sources */,
				981CC74E28F6E74100E93C48 /* UIKitButtonView.swift in Sources */,
				981CC73E28F6E63100E93C48 /* UIKitINSwiftUIApp.swift in Sources */,
				981CC74C28F6E6C600E93C48 /* Bridge.swift in Sources */,
			);
			runOnlyForDeploymentPostprocessing = 0;
		};
/* End PBXSourcesBuildPhase section */

/* Begin XCBuildConfiguration section */
		981CC74628F6E63E00E93C48 /* Debug */ = {
			isa = XCBuildConfiguration;
			buildSettings = {
				ALWAYS_SEARCH_USER_PATHS = NO;
				CLANG_ANALYZER_NONNULL = YES;
				CLANG_ANALYZER_NUMBER_OBJECT_CONVERSION = YES_AGGRESSIVE;
				CLANG_CXX_LANGUAGE_STANDARD = "gnu++17";
				CLANG_ENABLE_MODULES = YES;
				CLANG_ENABLE_OBJC_ARC = YES;
				CLANG_ENABLE_OBJC_WEAK = YES;
				CLANG_WARN_BLOCK_CAPTURE_AUTORELEASING = YES;
				CLANG_WARN_BOOL_CONVERSION = YES;
				CLANG_WARN_COMMA = YES;
				CLANG_WARN_CONSTANT_CONVERSION = YES;
				CLANG_WARN_DEPRECATED_OBJC_IMPLEMENTATIONS = YES;
				CLANG_WARN_DIRECT_OBJC_ISA_USAGE = YES_ERROR;
				CLANG_WARN_DOCUMENTATION_COMMENTS = YES;
				CLANG_WARN_EMPTY_BODY = YES;
				CLANG_WARN_ENUM_CONVERSION = YES;
				CLANG_WARN_INFINITE_RECURSION = YES;
				CLANG_WARN_INT_CONVERSION = YES;
				CLANG_WARN_NON_LITERAL_NULL_CONVERSION = YES;
				CLANG_WARN_OBJC_IMPLICIT_RETAIN_SELF = YES;
				CLANG_WARN_OBJC_LITERAL_CONVERSION = YES;
				CLANG_WARN_OBJC_ROOT_CLASS = YES_ERROR;
				CLANG_WARN_QUOTED_INCLUDE_IN_FRAMEWORK_HEADER = YES;
				CLANG_WARN_RANGE_LOOP_ANALYSIS = YES;
				CLANG_WARN_STRICT_PROTOTYPES = YES;
				CLANG_WARN_SUSPICIOUS_MOVE = YES;
				CLANG_WARN_UNGUARDED_AVAILABILITY = YES_AGGRESSIVE;
				CLANG_WARN_UNREACHABLE_CODE = YES;
				CLANG_WARN__DUPLICATE_METHOD_MATCH = YES;
				COPY_PHASE_STRIP = NO;
				DEBUG_INFORMATION_FORMAT = dwarf;
				ENABLE_STRICT_OBJC_MSGSEND = YES;
				ENABLE_TESTABILITY = YES;
				GCC_C_LANGUAGE_STANDARD = gnu11;
				GCC_DYNAMIC_NO_PIC = NO;
				GCC_NO_COMMON_BLOCKS = YES;
				GCC_OPTIMIZATION_LEVEL = 0;
				GCC_PREPROCESSOR_DEFINITIONS = (
					"DEBUG=1",
					"$(inherited)",
				);
				GCC_WARN_64_TO_32_BIT_CONVERSION = YES;
				GCC_WARN_ABOUT_RETURN_TYPE = YES_ERROR;
				GCC_WARN_UNDECLARED_SELECTOR = YES;
				GCC_WARN_UNINITIALIZED_AUTOS = YES_AGGRESSIVE;
				GCC_WARN_UNUSED_FUNCTION = YES;
				GCC_WARN_UNUSED_VARIABLE = YES;
				IPHONEOS_DEPLOYMENT_TARGET = 15.5;
				MTL_ENABLE_DEBUG_INFO = INCLUDE_SOURCE;
				MTL_FAST_MATH = YES;
				ONLY_ACTIVE_ARCH = YES;
				SDKROOT = iphoneos;
				SWIFT_ACTIVE_COMPILATION_CONDITIONS = DEBUG;
				SWIFT_OPTIMIZATION_LEVEL = "-Onone";
			};
			name = Debug;
		};
		981CC74728F6E63E00E93C48 /* Release */ = {
			isa = XCBuildConfiguration;
			buildSettings = {
				ALWAYS_SEARCH_USER_PATHS = NO;
				CLANG_ANALYZER_NONNULL = YES;
				CLANG_ANALYZER_NUMBER_OBJECT_CONVERSION = YES_AGGRESSIVE;
				CLANG_CXX_LANGUAGE_STANDARD = "gnu++17";
				CLANG_ENABLE_MODULES = YES;
				CLANG_ENABLE_OBJC_ARC = YES;
				CLANG_ENABLE_OBJC_WEAK = YES;
				CLANG_WARN_BLOCK_CAPTURE_AUTORELEASING = YES;
				CLANG_WARN_BOOL_CONVERSION = YES;
				CLANG_WARN_COMMA = YES;
				CLANG_WARN_CONSTANT_CONVERSION = YES;
				CLANG_WARN_DEPRECATED_OBJC_IMPLEMENTATIONS = YES;
				CLANG_WARN_DIRECT_OBJC_ISA_USAGE = YES_ERROR;
				CLANG_WARN_DOCUMENTATION_COMMENTS = YES;
				CLANG_WARN_EMPTY_BODY = YES;
				CLANG_WARN_ENUM_CONVERSION = YES;
				CLANG_WARN_INFINITE_RECURSION = YES;
				CLANG_WARN_INT_CONVERSION = YES;
				CLANG_WARN_NON_LITERAL_NULL_CONVERSION = YES;
				CLANG_WARN_OBJC_IMPLICIT_RETAIN_SELF = YES;
				CLANG_WARN_OBJC_LITERAL_CONVERSION = YES;
				CLANG_WARN_OBJC_ROOT_CLASS = YES_ERROR;
				CLANG_WARN_QUOTED_INCLUDE_IN_FRAMEWORK_HEADER = YES;
				CLANG_WARN_RANGE_LOOP_ANALYSIS = YES;
				CLANG_WARN_STRICT_PROTOTYPES = YES;
				CLANG_WARN_SUSPICIOUS_MOVE = YES;
				CLANG_WARN_UNGUARDED_AVAILABILITY = YES_AGGRESSIVE;
				CLANG_WARN_UNREACHABLE_CODE = YES;
				CLANG_WARN__DUPLICATE_METHOD_MATCH = YES;
				COPY_PHASE_STRIP = NO;
				DEBUG_INFORMATION_FORMAT = "dwarf-with-dsym";
				ENABLE_NS_ASSERTIONS = NO;
				ENABLE_STRICT_OBJC_MSGSEND = YES;
				GCC_C_LANGUAGE_STANDARD = gnu11;
				GCC_NO_COMMON_BLOCKS = YES;
				GCC_WARN_64_TO_32_BIT_CONVERSION = YES;
				GCC_WARN_ABOUT_RETURN_TYPE = YES_ERROR;
				GCC_WARN_UNDECLARED_SELECTOR = YES;
				GCC_WARN_UNINITIALIZED_AUTOS = YES_AGGRESSIVE;
				GCC_WARN_UNUSED_FUNCTION = YES;
				GCC_WARN_UNUSED_VARIABLE = YES;
				IPHONEOS_DEPLOYMENT_TARGET = 15.5;
				MTL_ENABLE_DEBUG_INFO = NO;
				MTL_FAST_MATH = YES;
				SDKROOT = iphoneos;
				SWIFT_COMPILATION_MODE = wholemodule;
				SWIFT_OPTIMIZATION_LEVEL = "-O";
				VALIDATE_PRODUCT = YES;
			};
			name = Release;
		};
		981CC74928F6E63E00E93C48 /* Debug */ = {
			isa = XCBuildConfiguration;
			buildSettings = {
				ASSETCATALOG_COMPILER_APPICON_NAME = AppIcon;
				ASSETCATALOG_COMPILER_GLOBAL_ACCENT_COLOR_NAME = AccentColor;
				CODE_SIGN_STYLE = Automatic;
				CURRENT_PROJECT_VERSION = 1;
				DEVELOPMENT_ASSET_PATHS = "\"UIKitINSwiftUI/Preview Content\"";
				DEVELOPMENT_TEAM = PS87393A3H;
				ENABLE_PREVIEWS = YES;
				GENERATE_INFOPLIST_FILE = YES;
				INFOPLIST_KEY_UIApplicationSceneManifest_Generation = YES;
				INFOPLIST_KEY_UIApplicationSupportsIndirectInputEvents = YES;
				INFOPLIST_KEY_UILaunchScreen_Generation = YES;
				INFOPLIST_KEY_UISupportedInterfaceOrientations_iPad = "UIInterfaceOrientationPortrait UIInterfaceOrientationPortraitUpsideDown UIInterfaceOrientationLandscapeLeft UIInterfaceOrientationLandscapeRight";
				INFOPLIST_KEY_UISupportedInterfaceOrientations_iPhone = "UIInterfaceOrientationPortrait UIInterfaceOrientationLandscapeLeft UIInterfaceOrientationLandscapeRight";
				IPHONEOS_DEPLOYMENT_TARGET = 14.0;
				LD_RUNPATH_SEARCH_PATHS = (
					"$(inherited)",
					"@executable_path/Frameworks",
				);
				MARKETING_VERSION = 1.0;
				PRODUCT_BUNDLE_IDENTIFIER = sparklers.UIKitINSwiftUI;
				PRODUCT_NAME = "$(TARGET_NAME)";
				SWIFT_EMIT_LOC_STRINGS = YES;
				SWIFT_VERSION = 5.0;
				TARGETED_DEVICE_FAMILY = "1,2";
			};
			name = Debug;
		};
		981CC74A28F6E63E00E93C48 /* Release */ = {
			isa = XCBuildConfiguration;
			buildSettings = {
				ASSETCATALOG_COMPILER_APPICON_NAME = AppIcon;
				ASSETCATALOG_COMPILER_GLOBAL_ACCENT_COLOR_NAME = AccentColor;
				CODE_SIGN_STYLE = Automatic;
				CURRENT_PROJECT_VERSION = 1;
				DEVELOPMENT_ASSET_PATHS = "\"UIKitINSwiftUI/Preview Content\"";
				DEVELOPMENT_TEAM = PS87393A3H;
				ENABLE_PREVIEWS = YES;
				GENERATE_INFOPLIST_FILE = YES;
				INFOPLIST_KEY_UIApplicationSceneManifest_Generation = YES;
				INFOPLIST_KEY_UIApplicationSupportsIndirectInputEvents = YES;
				INFOPLIST_KEY_UILaunchScreen_Generation = YES;
				INFOPLIST_KEY_UISupportedInterfaceOrientations_iPad = "UIInterfaceOrientationPortrait UIInterfaceOrientationPortraitUpsideDown UIInterfaceOrientationLandscapeLeft UIInterfaceOrientationLandscapeRight";
				INFOPLIST_KEY_UISupportedInterfaceOrientations_iPhone = "UIInterfaceOrientationPortrait UIInterfaceOrientationLandscapeLeft UIInterfaceOrientationLandscapeRight";
				IPHONEOS_DEPLOYMENT_TARGET = 14.0;
				LD_RUNPATH_SEARCH_PATHS = (
					"$(inherited)",
					"@executable_path/Frameworks",
				);
				MARKETING_VERSION = 1.0;
				PRODUCT_BUNDLE_IDENTIFIER = sparklers.UIKitINSwiftUI;
				PRODUCT_NAME = "$(TARGET_NAME)";
				SWIFT_EMIT_LOC_STRINGS = YES;
				SWIFT_VERSION = 5.0;
				TARGETED_DEVICE_FAMILY = "1,2";
			};
			name = Release;
		};
/* End XCBuildConfiguration section */

/* Begin XCConfigurationList section */
		981CC73528F6E63100E93C48 /* Build configuration list for PBXProject "UIKitINSwiftUI" */ = {
			isa = XCConfigurationList;
			buildConfigurations = (
				981CC74628F6E63E00E93C48 /* Debug */,
				981CC74728F6E63E00E93C48 /* Release */,
			);
			defaultConfigurationIsVisible = 0;
			defaultConfigurationName = Release;
		};
		981CC74828F6E63E00E93C48 /* Build configuration list for PBXNativeTarget "UIKitINSwiftUI" */ = {
			isa = XCConfigurationList;
			buildConfigurations = (
				981CC74928F6E63E00E93C48 /* Debug */,
				981CC74A28F6E63E00E93C48 /* Release */,
			);
			defaultConfigurationIsVisible = 0;
			defaultConfigurationName = Release;
		};
/* End XCConfigurationList section */
	};
	rootObject = 981CC73228F6E63100E93C48 /* Project object */;
}
